
Microsoft Visual Studio Solution File, Format Version 12.00
# Visual Studio Version 17
VisualStudioVersion = 17.9.34723.18
MinimumVisualStudioVersion = 10.0.40219.1
Project("{FAE04EC0-301F-11D3-BF4B-00C04F79EFBC}") = "WebsiteGenZ", "WebsiteGenZ\WebsiteGenZ.csproj", "{1E83C4AB-1C58-4F63-91B8-E47B7175046D}"
EndProject
Global
	GlobalSection(SolutionConfigurationPlatforms) = preSolution
		Debug|Any CPU = Debug|Any CPU
		Release|Any CPU = Release|Any CPU
	EndGlobalSection
	GlobalSection(ProjectConfigurationPlatforms) = postSolution
		{1E83C4AB-1C58-4F63-91B8-E47B7175046D}.Debug|Any CPU.ActiveCfg = Debug|Any CPU
		{1E83C4AB-1C58-4F63-91B8-E47B7175046D}.Debug|Any CPU.Build.0 = Debug|Any CPU
		{1E83C4AB-1C58-4F63-91B8-E47B7175046D}.Release|Any CPU.ActiveCfg = Release|Any CPU
		{1E83C4AB-1C58-4F63-91B8-E47B7175046D}.Release|Any CPU.Build.0 = Release|Any CPU
	EndGlobalSection
	GlobalSection(SolutionProperties) = preSolution
		HideSolutionNode = FALSE
	EndGlobalSection
	GlobalSection(ExtensibilityGlobals) = postSolution
		SolutionGuid = {1D382F93-A388-4964-9110-424BD2190E32}
	EndGlobalSection
EndGlobal
